
Microsoft Visual Studio Solution File, Format Version 12.00
# Visual Studio 15
VisualStudioVersion = 15.0.28010.2048
MinimumVisualStudioVersion = 10.0.40219.1
Project("{FAE04EC0-301F-11D3-BF4B-00C04F79EFBC}") = "HW5_DB", "HW5_DB\HW5_DB.csproj", "{450F5B7F-39D7-4BB9-B895-3F21EA6CA5A1}"
EndProject
Global
	GlobalSection(SolutionConfigurationPlatforms) = preSolution
		Debug|Any CPU = Debug|Any CPU
		Release|Any CPU = Release|Any CPU
	EndGlobalSection
	GlobalSection(ProjectConfigurationPlatforms) = postSolution
		{450F5B7F-39D7-4BB9-B895-3F21EA6CA5A1}.Debug|Any CPU.ActiveCfg = Debug|Any CPU
		{450F5B7F-39D7-4BB9-B895-3F21EA6CA5A1}.Debug|Any CPU.Build.0 = Debug|Any CPU
		{450F5B7F-39D7-4BB9-B895-3F21EA6CA5A1}.Release|Any CPU.ActiveCfg = Release|Any CPU
		{450F5B7F-39D7-4BB9-B895-3F21EA6CA5A1}.Release|Any CPU.Build.0 = Release|Any CPU
	EndGlobalSection
	GlobalSection(SolutionProperties) = preSolution
		HideSolutionNode = FALSE
	EndGlobalSection
	GlobalSection(ExtensibilityGlobals) = postSolution
		SolutionGuid = {C2904504-942E-4447-9D82-D7694B3C6526}
	EndGlobalSection
EndGlobal
